
Microsoft Visual Studio Solution File, Format Version 12.00
# Visual Studio 14
VisualStudioVersion = 14.0.25420.1
MinimumVisualStudioVersion = 10.0.40219.1
Project("{FAE04EC0-301F-11D3-BF4B-00C04F79EFBC}") = "LesApp0", "LesApp0\LesApp0.csproj", "{3A03796F-52E0-437E-8B38-D6E4256B540D}"
EndProject
Project("{FAE04EC0-301F-11D3-BF4B-00C04F79EFBC}") = "LesApp1", "LesApp1\LesApp1.csproj", "{28BDF54B-B5E2-4E51-B6F0-1660D90950DC}"
EndProject
Global
	GlobalSection(SolutionConfigurationPlatforms) = preSolution
		Debug|Any CPU = Debug|Any CPU
		Release|Any CPU = Release|Any CPU
	EndGlobalSection
	GlobalSection(ProjectConfigurationPlatforms) = postSolution
		{3A03796F-52E0-437E-8B38-D6E4256B540D}.Debug|Any CPU.ActiveCfg = Debug|Any CPU
		{3A03796F-52E0-437E-8B38-D6E4256B540D}.Debug|Any CPU.Build.0 = Debug|Any CPU
		{3A03796F-52E0-437E-8B38-D6E4256B540D}.Release|Any CPU.ActiveCfg = Release|Any CPU
		{3A03796F-52E0-437E-8B38-D6E4256B540D}.Release|Any CPU.Build.0 = Release|Any CPU
		{28BDF54B-B5E2-4E51-B6F0-1660D90950DC}.Debug|Any CPU.ActiveCfg = Debug|Any CPU
		{28BDF54B-B5E2-4E51-B6F0-1660D90950DC}.Debug|Any CPU.Build.0 = Debug|Any CPU
		{28BDF54B-B5E2-4E51-B6F0-1660D90950DC}.Release|Any CPU.ActiveCfg = Release|Any CPU
		{28BDF54B-B5E2-4E51-B6F0-1660D90950DC}.Release|Any CPU.Build.0 = Release|Any CPU
	EndGlobalSection
	GlobalSection(SolutionProperties) = preSolution
		HideSolutionNode = FALSE
	EndGlobalSection
EndGlobal
